
Microsoft Visual Studio Solution File, Format Version 12.00
# Visual Studio 14
VisualStudioVersion = 14.0.25420.1
MinimumVisualStudioVersion = 10.0.40219.1
Project("{FAE04EC0-301F-11D3-BF4B-00C04F79EFBC}") = "Fallout2TextValidator", "Fallout2TextValidator\Fallout2TextValidator.csproj", "{1A30A4E0-F6D8-4351-8790-D24F88E6461D}"
EndProject
Global
	GlobalSection(SolutionConfigurationPlatforms) = preSolution
		Debug|Any CPU = Debug|Any CPU
		Release|Any CPU = Release|Any CPU
	EndGlobalSection
	GlobalSection(ProjectConfigurationPlatforms) = postSolution
		{1A30A4E0-F6D8-4351-8790-D24F88E6461D}.Debug|Any CPU.ActiveCfg = Debug|Any CPU
		{1A30A4E0-F6D8-4351-8790-D24F88E6461D}.Debug|Any CPU.Build.0 = Debug|Any CPU
		{1A30A4E0-F6D8-4351-8790-D24F88E6461D}.Release|Any CPU.ActiveCfg = Release|Any CPU
		{1A30A4E0-F6D8-4351-8790-D24F88E6461D}.Release|Any CPU.Build.0 = Release|Any CPU
	EndGlobalSection
	GlobalSection(SolutionProperties) = preSolution
		HideSolutionNode = FALSE
	EndGlobalSection
EndGlobal
